{
  "version": "1.0.0",
  "generated_by": "scripts/depgraph.py",
  "topological_order": [
    "agent-council",
    "architecture-auditor",
    "architecture-decision-records",
    "capability-gap-analyzer",
    "context-gatherer",
    "domain-modeling",
    "git-conflict-resolver",
    "self-progress",
    "skill-creator",
    "tdd",
    "tech-doc-writer",
    "what-if-analysis",
    "benchmarking",
    "self-annealer"
  ],
  "skills": {
    "agent-council": {
      "version": "1.0.0",
      "requires": [],
      "enhances": [],
      "transitive_requires": [],
      "transitive_enhances": [],
      "path": "skills/agent-council"
    },
    "architecture-auditor": {
      "version": "1.0.0",
      "requires": [],
      "enhances": [
        "domain-modeling"
      ],
      "transitive_requires": [],
      "transitive_enhances": [
        "architecture-auditor",
        "context-gatherer",
        "domain-modeling",
        "graphify"
      ],
      "path": "skills/architecture-auditor"
    },
    "architecture-decision-records": {
      "version": "1.0.0",
      "requires": [],
      "enhances": [
        "tech-doc-writer",
        "architecture-auditor",
        "domain-modeling"
      ],
      "transitive_requires": [],
      "transitive_enhances": [
        "architecture-auditor",
        "context-gatherer",
        "domain-modeling",
        "graphify",
        "tech-doc-writer"
      ],
      "path": "skills/architecture-decision-records"
    },
    "benchmarking": {
      "version": "1.0.0",
      "requires": [
        "tdd"
      ],
      "enhances": [
        "self-annealer",
        "architecture-auditor"
      ],
      "transitive_requires": [
        "tdd"
      ],
      "transitive_enhances": [
        "architecture-auditor",
        "context-gatherer",
        "domain-modeling",
        "graphify",
        "self-annealer"
      ],
      "path": "skills/benchmarking"
    },
    "capability-gap-analyzer": {
      "version": "1.0.0",
      "requires": [],
      "enhances": [
        "skill-creator",
        "context-gatherer"
      ],
      "transitive_requires": [],
      "transitive_enhances": [
        "context-gatherer",
        "graphify",
        "skill-creator"
      ],
      "path": "skills/capability-gap-analyzer"
    },
    "context-gatherer": {
      "version": "1.0.0",
      "requires": [],
      "enhances": [
        "graphify"
      ],
      "transitive_requires": [],
      "transitive_enhances": [
        "graphify"
      ],
      "path": "skills/context-gatherer"
    },
    "domain-modeling": {
      "version": "1.0.0",
      "requires": [],
      "enhances": [
        "architecture-auditor",
        "context-gatherer"
      ],
      "transitive_requires": [],
      "transitive_enhances": [
        "architecture-auditor",
        "context-gatherer",
        "domain-modeling",
        "graphify"
      ],
      "path": "skills/domain-modeling"
    },
    "git-conflict-resolver": {
      "version": "1.0.0",
      "requires": [],
      "enhances": [],
      "transitive_requires": [],
      "transitive_enhances": [],
      "path": "skills/git-conflict-resolver"
    },
    "self-annealer": {
      "version": "1.0.0",
      "requires": [
        "tdd"
      ],
      "enhances": [
        "graphify"
      ],
      "transitive_requires": [
        "tdd"
      ],
      "transitive_enhances": [
        "graphify"
      ],
      "path": "skills/self-annealer"
    },
    "self-progress": {
      "version": "1.0.0",
      "requires": [],
      "enhances": [
        "skill-creator",
        "capability-gap-analyzer"
      ],
      "transitive_requires": [],
      "transitive_enhances": [
        "capability-gap-analyzer",
        "context-gatherer",
        "graphify",
        "skill-creator"
      ],
      "path": "skills/self-progress"
    },
    "skill-creator": {
      "version": "1.0.0",
      "requires": [],
      "enhances": [],
      "transitive_requires": [],
      "transitive_enhances": [],
      "path": "skills/skill-creator"
    },
    "tdd": {
      "version": "1.0.0",
      "requires": [],
      "enhances": [
        "domain-modeling"
      ],
      "transitive_requires": [],
      "transitive_enhances": [
        "architecture-auditor",
        "context-gatherer",
        "domain-modeling",
        "graphify"
      ],
      "path": "skills/tdd"
    },
    "tech-doc-writer": {
      "version": "1.0.0",
      "requires": [],
      "enhances": [
        "domain-modeling"
      ],
      "transitive_requires": [],
      "transitive_enhances": [
        "architecture-auditor",
        "context-gatherer",
        "domain-modeling",
        "graphify"
      ],
      "path": "skills/tech-doc-writer"
    },
    "what-if-analysis": {
      "version": "1.0.0",
      "requires": [],
      "enhances": [
        "agent-council",
        "tdd",
        "self-annealer",
        "context-gatherer"
      ],
      "transitive_requires": [],
      "transitive_enhances": [
        "agent-council",
        "architecture-auditor",
        "context-gatherer",
        "domain-modeling",
        "graphify",
        "self-annealer",
        "tdd"
      ],
      "path": "skills/what-if-analysis"
    }
  }
}
